// !$*UTF8*$!
{
	archiveVersion = 1;
	classes = {
	};
	objectVersion = 50;
	objects = {

/* Begin PBXBuildFile section */
		3A03315720A01D5200FEE57D /* SRKSyncObject.swift in Sources */ = {isa = PBXBuildFile; fileRef = 3A03310A20A01D5200FEE57D /* SRKSyncObject.swift */; };
		3A03315820A01D5200FEE57D /* SharkSync+Private.swift in Sources */ = {isa = PBXBuildFile; fileRef = 3A03310B20A01D5200FEE57D /* SharkSync+Private.swift */; };
		3A03315920A01D5200FEE57D /* SRKDefunctObject.swift in Sources */ = {isa = PBXBuildFile; fileRef = 3A03310C20A01D5200FEE57D /* SRKDefunctObject.swift */; };
		3A03315A20A01D5200FEE57D /* SRKSyncRegisteredClass.swift in Sources */ = {isa = PBXBuildFile; fileRef = 3A03310D20A01D5200FEE57D /* SRKSyncRegisteredClass.swift */; };
		3A03315B20A01D5200FEE57D /* SyncComms.swift in Sources */ = {isa = PBXBuildFile; fileRef = 3A03310E20A01D5200FEE57D /* SyncComms.swift */; };
		3A03315C20A01D5200FEE57D /* SRKSyncAuthObject.swift in Sources */ = {isa = PBXBuildFile; fileRef = 3A03310F20A01D5200FEE57D /* SRKSyncAuthObject.swift */; };
		3A03315D20A01D5200FEE57D /* SyncNetwork.swift in Sources */ = {isa = PBXBuildFile; fileRef = 3A03311120A01D5200FEE57D /* SyncNetwork.swift */; };
		3A03315E20A01D5200FEE57D /* Mutex.swift in Sources */ = {isa = PBXBuildFile; fileRef = 3A03311220A01D5200FEE57D /* Mutex.swift */; };
		3A03315F20A01D5200FEE57D /* SRKSyncNodesList.swift in Sources */ = {isa = PBXBuildFile; fileRef = 3A03311320A01D5200FEE57D /* SRKSyncNodesList.swift */; };
		3A03316020A01D5200FEE57D /* SyncRequest.swift in Sources */ = {isa = PBXBuildFile; fileRef = 3A03311420A01D5200FEE57D /* SyncRequest.swift */; };
		3A03316120A01D5200FEE57D /* SyncInterface.swift in Sources */ = {isa = PBXBuildFile; fileRef = 3A03311520A01D5200FEE57D /* SyncInterface.swift */; };
		3A03316220A01D5200FEE57D /* SharkSyncChange.swift in Sources */ = {isa = PBXBuildFile; fileRef = 3A03311620A01D5200FEE57D /* SharkSyncChange.swift */; };
		3A03316320A01D5200FEE57D /* SRKSyncOptions.swift in Sources */ = {isa = PBXBuildFile; fileRef = 3A03311720A01D5200FEE57D /* SRKSyncOptions.swift */; };
		3A03316420A01D5200FEE57D /* SharkSync.swift in Sources */ = {isa = PBXBuildFile; fileRef = 3A03311820A01D5200FEE57D /* SharkSync.swift */; };
		3A03316520A01D5200FEE57D /* SRKSyncObject+Private.swift in Sources */ = {isa = PBXBuildFile; fileRef = 3A03311920A01D5200FEE57D /* SRKSyncObject+Private.swift */; };
		3A03316620A01D5200FEE57D /* SRKSharkSyncAccountSettings.swift in Sources */ = {isa = PBXBuildFile; fileRef = 3A03311A20A01D5200FEE57D /* SRKSharkSyncAccountSettings.swift */; };
		3A03316720A01D5200FEE57D /* SRKDeferredChange.swift in Sources */ = {isa = PBXBuildFile; fileRef = 3A03311B20A01D5200FEE57D /* SRKDeferredChange.swift */; };
		3A03316820A01D5200FEE57D /* SharkSyncGroup.swift in Sources */ = {isa = PBXBuildFile; fileRef = 3A03311C20A01D5200FEE57D /* SharkSyncGroup.swift */; };
		3A03316920A01D5200FEE57D /* SRKSettings.swift in Sources */ = {isa = PBXBuildFile; fileRef = 3A03311E20A01D5200FEE57D /* SRKSettings.swift */; };
		3A03316A20A01D5200FEE57D /* SRKGlobals.swift in Sources */ = {isa = PBXBuildFile; fileRef = 3A03311F20A01D5200FEE57D /* SRKGlobals.swift */; };
		3A03316B20A01D5200FEE57D /* SRKLazyLoader.swift in Sources */ = {isa = PBXBuildFile; fileRef = 3A03312020A01D5200FEE57D /* SRKLazyLoader.swift */; };
		3A03316C20A01D5200FEE57D /* SharkORM+Private.swift in Sources */ = {isa = PBXBuildFile; fileRef = 3A03312120A01D5200FEE57D /* SharkORM+Private.swift */; };
		3A03316D20A01D5200FEE57D /* SharkSchemaManager.swift in Sources */ = {isa = PBXBuildFile; fileRef = 3A03312220A01D5200FEE57D /* SharkSchemaManager.swift */; };
		3A03316E20A01D5200FEE57D /* SRKUtilities.swift in Sources */ = {isa = PBXBuildFile; fileRef = 3A03312320A01D5200FEE57D /* SRKUtilities.swift */; };
		3A03316F20A01D5200FEE57D /* SRKJoinObject.swift in Sources */ = {isa = PBXBuildFile; fileRef = 3A03312520A01D5200FEE57D /* SRKJoinObject.swift */; };
		3A03317020A01D5200FEE57D /* SRKQueryAsyncHandler+Private.swift in Sources */ = {isa = PBXBuildFile; fileRef = 3A03312620A01D5200FEE57D /* SRKQueryAsyncHandler+Private.swift */; };
		3A03317120A01D5200FEE57D /* SRKFTSQuery.swift in Sources */ = {isa = PBXBuildFile; fileRef = 3A03312720A01D5200FEE57D /* SRKFTSQuery.swift */; };
		3A03317220A01D5200FEE57D /* SRKQueryProfile.swift in Sources */ = {isa = PBXBuildFile; fileRef = 3A03312820A01D5200FEE57D /* SRKQueryProfile.swift */; };
		3A03317320A01D5200FEE57D /* SRKQueryAsyncHandler.swift in Sources */ = {isa = PBXBuildFile; fileRef = 3A03312920A01D5200FEE57D /* SRKQueryAsyncHandler.swift */; };
		3A03317420A01D5200FEE57D /* SRKQuery+Private.swift in Sources */ = {isa = PBXBuildFile; fileRef = 3A03312A20A01D5200FEE57D /* SRKQuery+Private.swift */; };
		3A03317520A01D5200FEE57D /* SRKQuery.swift in Sources */ = {isa = PBXBuildFile; fileRef = 3A03312B20A01D5200FEE57D /* SRKQuery.swift */; };
		3A03317620A01D5200FEE57D /* FTSRegistry.swift in Sources */ = {isa = PBXBuildFile; fileRef = 3A03312D20A01D5200FEE57D /* FTSRegistry.swift */; };
		3A03317720A01D5200FEE57D /* SRKContext.swift in Sources */ = {isa = PBXBuildFile; fileRef = 3A03312F20A01D5200FEE57D /* SRKContext.swift */; };
		3A03317820A01D5200FEE57D /* SRKTransaction+Private.swift in Sources */ = {isa = PBXBuildFile; fileRef = 3A03313020A01D5200FEE57D /* SRKTransaction+Private.swift */; };
		3A03317920A01D5200FEE57D /* SRKTransaction.swift in Sources */ = {isa = PBXBuildFile; fileRef = 3A03313120A01D5200FEE57D /* SRKTransaction.swift */; };
		3A03317A20A01D5200FEE57D /* SRKTransactionInfo.swift in Sources */ = {isa = PBXBuildFile; fileRef = 3A03313220A01D5200FEE57D /* SRKTransactionInfo.swift */; };
		3A03317B20A01D5200FEE57D /* SRKObject.swift in Sources */ = {isa = PBXBuildFile; fileRef = 3A03313420A01D5200FEE57D /* SRKObject.swift */; };
		3A03317C20A01D5200FEE57D /* SRKUnsupportedObject.swift in Sources */ = {isa = PBXBuildFile; fileRef = 3A03313520A01D5200FEE57D /* SRKUnsupportedObject.swift */; };
		3A03317D20A01D5200FEE57D /* SRKAES256Extension.swift in Sources */ = {isa = PBXBuildFile; fileRef = 3A03313620A01D5200FEE57D /* SRKAES256Extension.swift */; };
		3A03317E20A01D5200FEE57D /* SRKCommitOptions.swift in Sources */ = {isa = PBXBuildFile; fileRef = 3A03313720A01D5200FEE57D /* SRKCommitOptions.swift */; };
		3A03317F20A01D5200FEE57D /* SRKResultSet+Private.swift in Sources */ = {isa = PBXBuildFile; fileRef = 3A03313820A01D5200FEE57D /* SRKResultSet+Private.swift */; };
		3A03318020A01D5200FEE57D /* SRKEntity+Private.swift in Sources */ = {isa = PBXBuildFile; fileRef = 3A03313920A01D5200FEE57D /* SRKEntity+Private.swift */; };
		3A03318120A01D5200FEE57D /* SRKCommitOptions+Private.swift in Sources */ = {isa = PBXBuildFile; fileRef = 3A03313A20A01D5200FEE57D /* SRKCommitOptions+Private.swift */; };
		3A03318220A01D5200FEE57D /* SRKRawResults.swift in Sources */ = {isa = PBXBuildFile; fileRef = 3A03313B20A01D5200FEE57D /* SRKRawResults.swift */; };
		3A03318320A01D5200FEE57D /* SRKStringObject.swift in Sources */ = {isa = PBXBuildFile; fileRef = 3A03313C20A01D5200FEE57D /* SRKStringObject.swift */; };
		3A03318420A01D5200FEE57D /* SRKResultSet.swift in Sources */ = {isa = PBXBuildFile; fileRef = 3A03313D20A01D5200FEE57D /* SRKResultSet.swift */; };
		3A03318520A01D5200FEE57D /* SRKEncryptedObject.swift in Sources */ = {isa = PBXBuildFile; fileRef = 3A03313E20A01D5200FEE57D /* SRKEncryptedObject.swift */; };
		3A03318620A01D5200FEE57D /* SRKEntity.swift in Sources */ = {isa = PBXBuildFile; fileRef = 3A03313F20A01D5200FEE57D /* SRKEntity.swift */; };
		3A03318720A01D5200FEE57D /* SRKEntityChain.swift in Sources */ = {isa = PBXBuildFile; fileRef = 3A03314020A01D5200FEE57D /* SRKEntityChain.swift */; };
		3A03318820A01D5200FEE57D /* SharkORM.swift in Sources */ = {isa = PBXBuildFile; fileRef = 3A03314120A01D5200FEE57D /* SharkORM.swift */; };
		3A03318920A01D5200FEE57D /* SRKRegistryEntry.swift in Sources */ = {isa = PBXBuildFile; fileRef = 3A03314320A01D5200FEE57D /* SRKRegistryEntry.swift */; };
		3A03318A20A01D5200FEE57D /* SRKRegistry.swift in Sources */ = {isa = PBXBuildFile; fileRef = 3A03314420A01D5200FEE57D /* SRKRegistry.swift */; };
		3A03318B20A01D5200FEE57D /* SRKSQLiteHandle.swift in Sources */ = {isa = PBXBuildFile; fileRef = 3A03314520A01D5200FEE57D /* SRKSQLiteHandle.swift */; };
		3A03318C20A01D5200FEE57D /* SRKError.swift in Sources */ = {isa = PBXBuildFile; fileRef = 3A03314620A01D5200FEE57D /* SRKError.swift */; };
		3A03318D20A01D5200FEE57D /* SRKCompoundIndex.swift in Sources */ = {isa = PBXBuildFile; fileRef = 3A03314820A01D5200FEE57D /* SRKCompoundIndex.swift */; };
		3A03318E20A01D5200FEE57D /* SRKCompoundIndex+Private.swift in Sources */ = {isa = PBXBuildFile; fileRef = 3A03314920A01D5200FEE57D /* SRKCompoundIndex+Private.swift */; };
		3A03318F20A01D5200FEE57D /* SRKIndexProperty.swift in Sources */ = {isa = PBXBuildFile; fileRef = 3A03314A20A01D5200FEE57D /* SRKIndexProperty.swift */; };
		3A03319020A01D5200FEE57D /* SRKIndexDefinition+Private.swift in Sources */ = {isa = PBXBuildFile; fileRef = 3A03314B20A01D5200FEE57D /* SRKIndexDefinition+Private.swift */; };
		3A03319120A01D5200FEE57D /* SRKIndexDefinition.swift in Sources */ = {isa = PBXBuildFile; fileRef = 3A03314C20A01D5200FEE57D /* SRKIndexDefinition.swift */; };
		3A03319220A01D5200FEE57D /* SRKFuzzyStore.swift in Sources */ = {isa = PBXBuildFile; fileRef = 3A03314E20A01D5200FEE57D /* SRKFuzzyStore.swift */; };
		3A03319320A01D5200FEE57D /* SRKDefinitions.swift in Sources */ = {isa = PBXBuildFile; fileRef = 3A03314F20A01D5200FEE57D /* SRKDefinitions.swift */; };
		3A03319420A01D5200FEE57D /* SRKEventBlockHolder.swift in Sources */ = {isa = PBXBuildFile; fileRef = 3A03315120A01D5200FEE57D /* SRKEventBlockHolder.swift */; };
		3A03319520A01D5200FEE57D /* SRKEventRegistryObject.swift in Sources */ = {isa = PBXBuildFile; fileRef = 3A03315220A01D5200FEE57D /* SRKEventRegistryObject.swift */; };
		3A03319620A01D5200FEE57D /* SRKEvent.swift in Sources */ = {isa = PBXBuildFile; fileRef = 3A03315320A01D5200FEE57D /* SRKEvent.swift */; };
		3A03319720A01D5200FEE57D /* SRKEventHandler.swift in Sources */ = {isa = PBXBuildFile; fileRef = 3A03315420A01D5200FEE57D /* SRKEventHandler.swift */; };
		3A03319820A01D5200FEE57D /* SRKEventHandler+Private.swift in Sources */ = {isa = PBXBuildFile; fileRef = 3A03315520A01D5200FEE57D /* SRKEventHandler+Private.swift */; };
		3A03319920A01D5200FEE57D /* SRKRelationship.swift in Sources */ = {isa = PBXBuildFile; fileRef = 3A03315620A01D5200FEE57D /* SRKRelationship.swift */; };
		3AE70106209D717100DE9FA1 /* SharkORM.framework in Frameworks */ = {isa = PBXBuildFile; fileRef = 3AE700FC209D717100DE9FA1 /* SharkORM.framework */; };
		3AE7010B209D717100DE9FA1 /* SharkORMTests.swift in Sources */ = {isa = PBXBuildFile; fileRef = 3AE7010A209D717100DE9FA1 /* SharkORMTests.swift */; };
		3AE7010D209D717100DE9FA1 /* SharkORM.h in Headers */ = {isa = PBXBuildFile; fileRef = 3AE700FF209D717100DE9FA1 /* SharkORM.h */; settings = {ATTRIBUTES = (Public, ); }; };
		3AE70118209D728100DE9FA1 /* SQLiteProvider.swift in Sources */ = {isa = PBXBuildFile; fileRef = 3AE70117209D728100DE9FA1 /* SQLiteProvider.swift */; };
		3AE7011A209D72CD00DE9FA1 /* DatabaseProtocol.swift in Sources */ = {isa = PBXBuildFile; fileRef = 3AE70119209D72CD00DE9FA1 /* DatabaseProtocol.swift */; };
		3AE7011C209D732A00DE9FA1 /* SharkSyncLiveProvider.swift in Sources */ = {isa = PBXBuildFile; fileRef = 3AE7011B209D732A00DE9FA1 /* SharkSyncLiveProvider.swift */; };
		3AE7011E209D736600DE9FA1 /* SharkSyncProvider.swift in Sources */ = {isa = PBXBuildFile; fileRef = 3AE7011D209D736600DE9FA1 /* SharkSyncProvider.swift */; };
		3AEC4BF4209D889F00F2F2D0 /* value.swift in Sources */ = {isa = PBXBuildFile; fileRef = 3AEC4BF3209D889F00F2F2D0 /* value.swift */; };
		3AEC4BF8209D897A00F2F2D0 /* enums.swift in Sources */ = {isa = PBXBuildFile; fileRef = 3AEC4BF7209D897A00F2F2D0 /* enums.swift */; };
		3AEC4C0320A0146E00F2F2D0 /* SharkORM.swift in Sources */ = {isa = PBXBuildFile; fileRef = 3AEC4C0220A0146E00F2F2D0 /* SharkORM.swift */; };
/* End PBXBuildFile section */

/* Begin PBXContainerItemProxy section */
		3AE70107209D717100DE9FA1 /* PBXContainerItemProxy */ = {
			isa = PBXContainerItemProxy;
			containerPortal = 3AE700F3209D717100DE9FA1 /* Project object */;
			proxyType = 1;
			remoteGlobalIDString = 3AE700FB209D717100DE9FA1;
			remoteInfo = SharkORM;
		};
/* End PBXContainerItemProxy section */

/* Begin PBXFileReference section */
		3A03310A20A01D5200FEE57D /* SRKSyncObject.swift */ = {isa = PBXFileReference; fileEncoding = 4; lastKnownFileType = sourcecode.swift; path = SRKSyncObject.swift; sourceTree = "<group>"; };
		3A03310B20A01D5200FEE57D /* SharkSync+Private.swift */ = {isa = PBXFileReference; fileEncoding = 4; lastKnownFileType = sourcecode.swift; path = "SharkSync+Private.swift"; sourceTree = "<group>"; };
		3A03310C20A01D5200FEE57D /* SRKDefunctObject.swift */ = {isa = PBXFileReference; fileEncoding = 4; lastKnownFileType = sourcecode.swift; path = SRKDefunctObject.swift; sourceTree = "<group>"; };
		3A03310D20A01D5200FEE57D /* SRKSyncRegisteredClass.swift */ = {isa = PBXFileReference; fileEncoding = 4; lastKnownFileType = sourcecode.swift; path = SRKSyncRegisteredClass.swift; sourceTree = "<group>"; };
		3A03310E20A01D5200FEE57D /* SyncComms.swift */ = {isa = PBXFileReference; fileEncoding = 4; lastKnownFileType = sourcecode.swift; path = SyncComms.swift; sourceTree = "<group>"; };
		3A03310F20A01D5200FEE57D /* SRKSyncAuthObject.swift */ = {isa = PBXFileReference; fileEncoding = 4; lastKnownFileType = sourcecode.swift; path = SRKSyncAuthObject.swift; sourceTree = "<group>"; };
		3A03311120A01D5200FEE57D /* SyncNetwork.swift */ = {isa = PBXFileReference; fileEncoding = 4; lastKnownFileType = sourcecode.swift; path = SyncNetwork.swift; sourceTree = "<group>"; };
		3A03311220A01D5200FEE57D /* Mutex.swift */ = {isa = PBXFileReference; fileEncoding = 4; lastKnownFileType = sourcecode.swift; path = Mutex.swift; sourceTree = "<group>"; };
		3A03311320A01D5200FEE57D /* SRKSyncNodesList.swift */ = {isa = PBXFileReference; fileEncoding = 4; lastKnownFileType = sourcecode.swift; path = SRKSyncNodesList.swift; sourceTree = "<group>"; };
		3A03311420A01D5200FEE57D /* SyncRequest.swift */ = {isa = PBXFileReference; fileEncoding = 4; lastKnownFileType = sourcecode.swift; path = SyncRequest.swift; sourceTree = "<group>"; };
		3A03311520A01D5200FEE57D /* SyncInterface.swift */ = {isa = PBXFileReference; fileEncoding = 4; lastKnownFileType = sourcecode.swift; path = SyncInterface.swift; sourceTree = "<group>"; };
		3A03311620A01D5200FEE57D /* SharkSyncChange.swift */ = {isa = PBXFileReference; fileEncoding = 4; lastKnownFileType = sourcecode.swift; path = SharkSyncChange.swift; sourceTree = "<group>"; };
		3A03311720A01D5200FEE57D /* SRKSyncOptions.swift */ = {isa = PBXFileReference; fileEncoding = 4; lastKnownFileType = sourcecode.swift; path = SRKSyncOptions.swift; sourceTree = "<group>"; };
		3A03311820A01D5200FEE57D /* SharkSync.swift */ = {isa = PBXFileReference; fileEncoding = 4; lastKnownFileType = sourcecode.swift; path = SharkSync.swift; sourceTree = "<group>"; };
		3A03311920A01D5200FEE57D /* SRKSyncObject+Private.swift */ = {isa = PBXFileReference; fileEncoding = 4; lastKnownFileType = sourcecode.swift; path = "SRKSyncObject+Private.swift"; sourceTree = "<group>"; };
		3A03311A20A01D5200FEE57D /* SRKSharkSyncAccountSettings.swift */ = {isa = PBXFileReference; fileEncoding = 4; lastKnownFileType = sourcecode.swift; path = SRKSharkSyncAccountSettings.swift; sourceTree = "<group>"; };
		3A03311B20A01D5200FEE57D /* SRKDeferredChange.swift */ = {isa = PBXFileReference; fileEncoding = 4; lastKnownFileType = sourcecode.swift; path = SRKDeferredChange.swift; sourceTree = "<group>"; };
		3A03311C20A01D5200FEE57D /* SharkSyncGroup.swift */ = {isa = PBXFileReference; fileEncoding = 4; lastKnownFileType = sourcecode.swift; path = SharkSyncGroup.swift; sourceTree = "<group>"; };
		3A03311E20A01D5200FEE57D /* SRKSettings.swift */ = {isa = PBXFileReference; fileEncoding = 4; lastKnownFileType = sourcecode.swift; path = SRKSettings.swift; sourceTree = "<group>"; };
		3A03311F20A01D5200FEE57D /* SRKGlobals.swift */ = {isa = PBXFileReference; fileEncoding = 4; lastKnownFileType = sourcecode.swift; path = SRKGlobals.swift; sourceTree = "<group>"; };
		3A03312020A01D5200FEE57D /* SRKLazyLoader.swift */ = {isa = PBXFileReference; fileEncoding = 4; lastKnownFileType = sourcecode.swift; path = SRKLazyLoader.swift; sourceTree = "<group>"; };
		3A03312120A01D5200FEE57D /* SharkORM+Private.swift */ = {isa = PBXFileReference; fileEncoding = 4; lastKnownFileType = sourcecode.swift; path = "SharkORM+Private.swift"; sourceTree = "<group>"; };
		3A03312220A01D5200FEE57D /* SharkSchemaManager.swift */ = {isa = PBXFileReference; fileEncoding = 4; lastKnownFileType = sourcecode.swift; path = SharkSchemaManager.swift; sourceTree = "<group>"; };
		3A03312320A01D5200FEE57D /* SRKUtilities.swift */ = {isa = PBXFileReference; fileEncoding = 4; lastKnownFileType = sourcecode.swift; path = SRKUtilities.swift; sourceTree = "<group>"; };
		3A03312520A01D5200FEE57D /* SRKJoinObject.swift */ = {isa = PBXFileReference; fileEncoding = 4; lastKnownFileType = sourcecode.swift; path = SRKJoinObject.swift; sourceTree = "<group>"; };
		3A03312620A01D5200FEE57D /* SRKQueryAsyncHandler+Private.swift */ = {isa = PBXFileReference; fileEncoding = 4; lastKnownFileType = sourcecode.swift; path = "SRKQueryAsyncHandler+Private.swift"; sourceTree = "<group>"; };
		3A03312720A01D5200FEE57D /* SRKFTSQuery.swift */ = {isa = PBXFileReference; fileEncoding = 4; lastKnownFileType = sourcecode.swift; path = SRKFTSQuery.swift; sourceTree = "<group>"; };
		3A03312820A01D5200FEE57D /* SRKQueryProfile.swift */ = {isa = PBXFileReference; fileEncoding = 4; lastKnownFileType = sourcecode.swift; path = SRKQueryProfile.swift; sourceTree = "<group>"; };
		3A03312920A01D5200FEE57D /* SRKQueryAsyncHandler.swift */ = {isa = PBXFileReference; fileEncoding = 4; lastKnownFileType = sourcecode.swift; path = SRKQueryAsyncHandler.swift; sourceTree = "<group>"; };
		3A03312A20A01D5200FEE57D /* SRKQuery+Private.swift */ = {isa = PBXFileReference; fileEncoding = 4; lastKnownFileType = sourcecode.swift; path = "SRKQuery+Private.swift"; sourceTree = "<group>"; };
		3A03312B20A01D5200FEE57D /* SRKQuery.swift */ = {isa = PBXFileReference; fileEncoding = 4; lastKnownFileType = sourcecode.swift; path = SRKQuery.swift; sourceTree = "<group>"; };
		3A03312D20A01D5200FEE57D /* FTSRegistry.swift */ = {isa = PBXFileReference; fileEncoding = 4; lastKnownFileType = sourcecode.swift; path = FTSRegistry.swift; sourceTree = "<group>"; };
		3A03312F20A01D5200FEE57D /* SRKContext.swift */ = {isa = PBXFileReference; fileEncoding = 4; lastKnownFileType = sourcecode.swift; path = SRKContext.swift; sourceTree = "<group>"; };
		3A03313020A01D5200FEE57D /* SRKTransaction+Private.swift */ = {isa = PBXFileReference; fileEncoding = 4; lastKnownFileType = sourcecode.swift; path = "SRKTransaction+Private.swift"; sourceTree = "<group>"; };
		3A03313120A01D5200FEE57D /* SRKTransaction.swift */ = {isa = PBXFileReference; fileEncoding = 4; lastKnownFileType = sourcecode.swift; path = SRKTransaction.swift; sourceTree = "<group>"; };
		3A03313220A01D5200FEE57D /* SRKTransactionInfo.swift */ = {isa = PBXFileReference; fileEncoding = 4; lastKnownFileType = sourcecode.swift; path = SRKTransactionInfo.swift; sourceTree = "<group>"; };
		3A03313420A01D5200FEE57D /* SRKObject.swift */ = {isa = PBXFileReference; fileEncoding = 4; lastKnownFileType = sourcecode.swift; path = SRKObject.swift; sourceTree = "<group>"; };
		3A03313520A01D5200FEE57D /* SRKUnsupportedObject.swift */ = {isa = PBXFileReference; fileEncoding = 4; lastKnownFileType = sourcecode.swift; path = SRKUnsupportedObject.swift; sourceTree = "<group>"; };
		3A03313620A01D5200FEE57D /* SRKAES256Extension.swift */ = {isa = PBXFileReference; fileEncoding = 4; lastKnownFileType = sourcecode.swift; path = SRKAES256Extension.swift; sourceTree = "<group>"; };
		3A03313720A01D5200FEE57D /* SRKCommitOptions.swift */ = {isa = PBXFileReference; fileEncoding = 4; lastKnownFileType = sourcecode.swift; path = SRKCommitOptions.swift; sourceTree = "<group>"; };
		3A03313820A01D5200FEE57D /* SRKResultSet+Private.swift */ = {isa = PBXFileReference; fileEncoding = 4; lastKnownFileType = sourcecode.swift; path = "SRKResultSet+Private.swift"; sourceTree = "<group>"; };
		3A03313920A01D5200FEE57D /* SRKEntity+Private.swift */ = {isa = PBXFileReference; fileEncoding = 4; lastKnownFileType = sourcecode.swift; path = "SRKEntity+Private.swift"; sourceTree = "<group>"; };
		3A03313A20A01D5200FEE57D /* SRKCommitOptions+Private.swift */ = {isa = PBXFileReference; fileEncoding = 4; lastKnownFileType = sourcecode.swift; path = "SRKCommitOptions+Private.swift"; sourceTree = "<group>"; };
		3A03313B20A01D5200FEE57D /* SRKRawResults.swift */ = {isa = PBXFileReference; fileEncoding = 4; lastKnownFileType = sourcecode.swift; path = SRKRawResults.swift; sourceTree = "<group>"; };
		3A03313C20A01D5200FEE57D /* SRKStringObject.swift */ = {isa = PBXFileReference; fileEncoding = 4; lastKnownFileType = sourcecode.swift; path = SRKStringObject.swift; sourceTree = "<group>"; };
		3A03313D20A01D5200FEE57D /* SRKResultSet.swift */ = {isa = PBXFileReference; fileEncoding = 4; lastKnownFileType = sourcecode.swift; path = SRKResultSet.swift; sourceTree = "<group>"; };
		3A03313E20A01D5200FEE57D /* SRKEncryptedObject.swift */ = {isa = PBXFileReference; fileEncoding = 4; lastKnownFileType = sourcecode.swift; path = SRKEncryptedObject.swift; sourceTree = "<group>"; };
		3A03313F20A01D5200FEE57D /* SRKEntity.swift */ = {isa = PBXFileReference; fileEncoding = 4; lastKnownFileType = sourcecode.swift; path = SRKEntity.swift; sourceTree = "<group>"; };
		3A03314020A01D5200FEE57D /* SRKEntityChain.swift */ = {isa = PBXFileReference; fileEncoding = 4; lastKnownFileType = sourcecode.swift; path = SRKEntityChain.swift; sourceTree = "<group>"; };
		3A03314120A01D5200FEE57D /* SharkORM.swift */ = {isa = PBXFileReference; fileEncoding = 4; lastKnownFileType = sourcecode.swift; path = SharkORM.swift; sourceTree = "<group>"; };
		3A03314320A01D5200FEE57D /* SRKRegistryEntry.swift */ = {isa = PBXFileReference; fileEncoding = 4; lastKnownFileType = sourcecode.swift; path = SRKRegistryEntry.swift; sourceTree = "<group>"; };
		3A03314420A01D5200FEE57D /* SRKRegistry.swift */ = {isa = PBXFileReference; fileEncoding = 4; lastKnownFileType = sourcecode.swift; path = SRKRegistry.swift; sourceTree = "<group>"; };
		3A03314520A01D5200FEE57D /* SRKSQLiteHandle.swift */ = {isa = PBXFileReference; fileEncoding = 4; lastKnownFileType = sourcecode.swift; path = SRKSQLiteHandle.swift; sourceTree = "<group>"; };
		3A03314620A01D5200FEE57D /* SRKError.swift */ = {isa = PBXFileReference; fileEncoding = 4; lastKnownFileType = sourcecode.swift; path = SRKError.swift; sourceTree = "<group>"; };
		3A03314820A01D5200FEE57D /* SRKCompoundIndex.swift */ = {isa = PBXFileReference; fileEncoding = 4; lastKnownFileType = sourcecode.swift; path = SRKCompoundIndex.swift; sourceTree = "<group>"; };
		3A03314920A01D5200FEE57D /* SRKCompoundIndex+Private.swift */ = {isa = PBXFileReference; fileEncoding = 4; lastKnownFileType = sourcecode.swift; path = "SRKCompoundIndex+Private.swift"; sourceTree = "<group>"; };
		3A03314A20A01D5200FEE57D /* SRKIndexProperty.swift */ = {isa = PBXFileReference; fileEncoding = 4; lastKnownFileType = sourcecode.swift; path = SRKIndexProperty.swift; sourceTree = "<group>"; };
		3A03314B20A01D5200FEE57D /* SRKIndexDefinition+Private.swift */ = {isa = PBXFileReference; fileEncoding = 4; lastKnownFileType = sourcecode.swift; path = "SRKIndexDefinition+Private.swift"; sourceTree = "<group>"; };
		3A03314C20A01D5200FEE57D /* SRKIndexDefinition.swift */ = {isa = PBXFileReference; fileEncoding = 4; lastKnownFileType = sourcecode.swift; path = SRKIndexDefinition.swift; sourceTree = "<group>"; };
		3A03314E20A01D5200FEE57D /* SRKFuzzyStore.swift */ = {isa = PBXFileReference; fileEncoding = 4; lastKnownFileType = sourcecode.swift; path = SRKFuzzyStore.swift; sourceTree = "<group>"; };
		3A03314F20A01D5200FEE57D /* SRKDefinitions.swift */ = {isa = PBXFileReference; fileEncoding = 4; lastKnownFileType = sourcecode.swift; path = SRKDefinitions.swift; sourceTree = "<group>"; };
		3A03315120A01D5200FEE57D /* SRKEventBlockHolder.swift */ = {isa = PBXFileReference; fileEncoding = 4; lastKnownFileType = sourcecode.swift; path = SRKEventBlockHolder.swift; sourceTree = "<group>"; };
		3A03315220A01D5200FEE57D /* SRKEventRegistryObject.swift */ = {isa = PBXFileReference; fileEncoding = 4; lastKnownFileType = sourcecode.swift; path = SRKEventRegistryObject.swift; sourceTree = "<group>"; };
		3A03315320A01D5200FEE57D /* SRKEvent.swift */ = {isa = PBXFileReference; fileEncoding = 4; lastKnownFileType = sourcecode.swift; path = SRKEvent.swift; sourceTree = "<group>"; };
		3A03315420A01D5200FEE57D /* SRKEventHandler.swift */ = {isa = PBXFileReference; fileEncoding = 4; lastKnownFileType = sourcecode.swift; path = SRKEventHandler.swift; sourceTree = "<group>"; };
		3A03315520A01D5200FEE57D /* SRKEventHandler+Private.swift */ = {isa = PBXFileReference; fileEncoding = 4; lastKnownFileType = sourcecode.swift; path = "SRKEventHandler+Private.swift"; sourceTree = "<group>"; };
		3A03315620A01D5200FEE57D /* SRKRelationship.swift */ = {isa = PBXFileReference; fileEncoding = 4; lastKnownFileType = sourcecode.swift; path = SRKRelationship.swift; sourceTree = "<group>"; };
		3AE700FC209D717100DE9FA1 /* SharkORM.framework */ = {isa = PBXFileReference; explicitFileType = wrapper.framework; includeInIndex = 0; path = SharkORM.framework; sourceTree = BUILT_PRODUCTS_DIR; };
		3AE700FF209D717100DE9FA1 /* SharkORM.h */ = {isa = PBXFileReference; lastKnownFileType = sourcecode.c.h; path = SharkORM.h; sourceTree = "<group>"; };
		3AE70100209D717100DE9FA1 /* Info.plist */ = {isa = PBXFileReference; lastKnownFileType = text.plist.xml; path = Info.plist; sourceTree = "<group>"; };
		3AE70105209D717100DE9FA1 /* SharkORMTests.xctest */ = {isa = PBXFileReference; explicitFileType = wrapper.cfbundle; includeInIndex = 0; path = SharkORMTests.xctest; sourceTree = BUILT_PRODUCTS_DIR; };
		3AE7010A209D717100DE9FA1 /* SharkORMTests.swift */ = {isa = PBXFileReference; lastKnownFileType = sourcecode.swift; path = SharkORMTests.swift; sourceTree = "<group>"; };
		3AE7010C209D717100DE9FA1 /* Info.plist */ = {isa = PBXFileReference; lastKnownFileType = text.plist.xml; path = Info.plist; sourceTree = "<group>"; };
		3AE70117209D728100DE9FA1 /* SQLiteProvider.swift */ = {isa = PBXFileReference; lastKnownFileType = sourcecode.swift; path = SQLiteProvider.swift; sourceTree = "<group>"; };
		3AE70119209D72CD00DE9FA1 /* DatabaseProtocol.swift */ = {isa = PBXFileReference; lastKnownFileType = sourcecode.swift; path = DatabaseProtocol.swift; sourceTree = "<group>"; };
		3AE7011B209D732A00DE9FA1 /* SharkSyncLiveProvider.swift */ = {isa = PBXFileReference; lastKnownFileType = sourcecode.swift; path = SharkSyncLiveProvider.swift; sourceTree = "<group>"; };
		3AE7011D209D736600DE9FA1 /* SharkSyncProvider.swift */ = {isa = PBXFileReference; lastKnownFileType = sourcecode.swift; path = SharkSyncProvider.swift; sourceTree = "<group>"; };
		3AEC4BF3209D889F00F2F2D0 /* value.swift */ = {isa = PBXFileReference; lastKnownFileType = sourcecode.swift; path = value.swift; sourceTree = "<group>"; };
		3AEC4BF7209D897A00F2F2D0 /* enums.swift */ = {isa = PBXFileReference; lastKnownFileType = sourcecode.swift; path = enums.swift; sourceTree = "<group>"; };
		3AEC4C0220A0146E00F2F2D0 /* SharkORM.swift */ = {isa = PBXFileReference; lastKnownFileType = sourcecode.swift; path = SharkORM.swift; sourceTree = "<group>"; };
/* End PBXFileReference section */

/* Begin PBXFrameworksBuildPhase section */
		3AE700F8209D717100DE9FA1 /* Frameworks */ = {
			isa = PBXFrameworksBuildPhase;
			buildActionMask = 2147483647;
			files = (
			);
			runOnlyForDeploymentPostprocessing = 0;
		};
		3AE70102209D717100DE9FA1 /* Frameworks */ = {
			isa = PBXFrameworksBuildPhase;
			buildActionMask = 2147483647;
			files = (
				3AE70106209D717100DE9FA1 /* SharkORM.framework in Frameworks */,
			);
			runOnlyForDeploymentPostprocessing = 0;
		};
/* End PBXFrameworksBuildPhase section */

/* Begin PBXGroup section */
		3A03310920A01D5200FEE57D /* Sync */ = {
			isa = PBXGroup;
			children = (
				3A03310A20A01D5200FEE57D /* SRKSyncObject.swift */,
				3A03310B20A01D5200FEE57D /* SharkSync+Private.swift */,
				3A03310C20A01D5200FEE57D /* SRKDefunctObject.swift */,
				3A03310D20A01D5200FEE57D /* SRKSyncRegisteredClass.swift */,
				3A03310E20A01D5200FEE57D /* SyncComms.swift */,
				3A03310F20A01D5200FEE57D /* SRKSyncAuthObject.swift */,
				3A03311020A01D5200FEE57D /* Comms */,
				3A03311620A01D5200FEE57D /* SharkSyncChange.swift */,
				3A03311720A01D5200FEE57D /* SRKSyncOptions.swift */,
				3A03311820A01D5200FEE57D /* SharkSync.swift */,
				3A03311920A01D5200FEE57D /* SRKSyncObject+Private.swift */,
				3A03311A20A01D5200FEE57D /* SRKSharkSyncAccountSettings.swift */,
				3A03311B20A01D5200FEE57D /* SRKDeferredChange.swift */,
				3A03311C20A01D5200FEE57D /* SharkSyncGroup.swift */,
			);
			path = Sync;
			sourceTree = "<group>";
		};
		3A03311020A01D5200FEE57D /* Comms */ = {
			isa = PBXGroup;
			children = (
				3A03311120A01D5200FEE57D /* SyncNetwork.swift */,
				3A03311220A01D5200FEE57D /* Mutex.swift */,
				3A03311320A01D5200FEE57D /* SRKSyncNodesList.swift */,
				3A03311420A01D5200FEE57D /* SyncRequest.swift */,
				3A03311520A01D5200FEE57D /* SyncInterface.swift */,
			);
			path = Comms;
			sourceTree = "<group>";
		};
		3A03311D20A01D5200FEE57D /* Core */ = {
			isa = PBXGroup;
			children = (
				3A03311E20A01D5200FEE57D /* SRKSettings.swift */,
				3A03311F20A01D5200FEE57D /* SRKGlobals.swift */,
				3A03312020A01D5200FEE57D /* SRKLazyLoader.swift */,
				3A03312120A01D5200FEE57D /* SharkORM+Private.swift */,
				3A03312220A01D5200FEE57D /* SharkSchemaManager.swift */,
				3A03312320A01D5200FEE57D /* SRKUtilities.swift */,
				3A03312420A01D5200FEE57D /* Queries */,
				3A03312C20A01D5200FEE57D /* FTS */,
				3A03312E20A01D5200FEE57D /* Transactions */,
				3A03313320A01D5200FEE57D /* PersistableObjects */,
				3A03314120A01D5200FEE57D /* SharkORM.swift */,
				3A03314220A01D5200FEE57D /* Registry */,
				3A03314520A01D5200FEE57D /* SRKSQLiteHandle.swift */,
				3A03314620A01D5200FEE57D /* SRKError.swift */,
				3A03314720A01D5200FEE57D /* Indexing */,
				3A03314D20A01D5200FEE57D /* FuzzyStore */,
				3A03314F20A01D5200FEE57D /* SRKDefinitions.swift */,
				3A03315020A01D5200FEE57D /* Events */,
				3A03315620A01D5200FEE57D /* SRKRelationship.swift */,
			);
			name = Core;
			path = ../../../../../Downloads/SharkORM/Core;
			sourceTree = "<group>";
		};
		3A03312420A01D5200FEE57D /* Queries */ = {
			isa = PBXGroup;
			children = (
				3A03312520A01D5200FEE57D /* SRKJoinObject.swift */,
				3A03312620A01D5200FEE57D /* SRKQueryAsyncHandler+Private.swift */,
				3A03312720A01D5200FEE57D /* SRKFTSQuery.swift */,
				3A03312820A01D5200FEE57D /* SRKQueryProfile.swift */,
				3A03312920A01D5200FEE57D /* SRKQueryAsyncHandler.swift */,
				3A03312A20A01D5200FEE57D /* SRKQuery+Private.swift */,
				3A03312B20A01D5200FEE57D /* SRKQuery.swift */,
			);
			path = Queries;
			sourceTree = "<group>";
		};
		3A03312C20A01D5200FEE57D /* FTS */ = {
			isa = PBXGroup;
			children = (
				3A03312D20A01D5200FEE57D /* FTSRegistry.swift */,
			);
			path = FTS;
			sourceTree = "<group>";
		};
		3A03312E20A01D5200FEE57D /* Transactions */ = {
			isa = PBXGroup;
			children = (
				3A03312F20A01D5200FEE57D /* SRKContext.swift */,
				3A03313020A01D5200FEE57D /* SRKTransaction+Private.swift */,
				3A03313120A01D5200FEE57D /* SRKTransaction.swift */,
				3A03313220A01D5200FEE57D /* SRKTransactionInfo.swift */,
			);
			path = Transactions;
			sourceTree = "<group>";
		};
		3A03313320A01D5200FEE57D /* PersistableObjects */ = {
			isa = PBXGroup;
			children = (
				3A03313420A01D5200FEE57D /* SRKObject.swift */,
				3A03313520A01D5200FEE57D /* SRKUnsupportedObject.swift */,
				3A03313620A01D5200FEE57D /* SRKAES256Extension.swift */,
				3A03313720A01D5200FEE57D /* SRKCommitOptions.swift */,
				3A03313820A01D5200FEE57D /* SRKResultSet+Private.swift */,
				3A03313920A01D5200FEE57D /* SRKEntity+Private.swift */,
				3A03313A20A01D5200FEE57D /* SRKCommitOptions+Private.swift */,
				3A03313B20A01D5200FEE57D /* SRKRawResults.swift */,
				3A03313C20A01D5200FEE57D /* SRKStringObject.swift */,
				3A03313D20A01D5200FEE57D /* SRKResultSet.swift */,
				3A03313E20A01D5200FEE57D /* SRKEncryptedObject.swift */,
				3A03313F20A01D5200FEE57D /* SRKEntity.swift */,
				3A03314020A01D5200FEE57D /* SRKEntityChain.swift */,
			);
			path = PersistableObjects;
			sourceTree = "<group>";
		};
		3A03314220A01D5200FEE57D /* Registry */ = {
			isa = PBXGroup;
			children = (
				3A03314320A01D5200FEE57D /* SRKRegistryEntry.swift */,
				3A03314420A01D5200FEE57D /* SRKRegistry.swift */,
			);
			path = Registry;
			sourceTree = "<group>";
		};
		3A03314720A01D5200FEE57D /* Indexing */ = {
			isa = PBXGroup;
			children = (
				3A03314820A01D5200FEE57D /* SRKCompoundIndex.swift */,
				3A03314920A01D5200FEE57D /* SRKCompoundIndex+Private.swift */,
				3A03314A20A01D5200FEE57D /* SRKIndexProperty.swift */,
				3A03314B20A01D5200FEE57D /* SRKIndexDefinition+Private.swift */,
				3A03314C20A01D5200FEE57D /* SRKIndexDefinition.swift */,
			);
			path = Indexing;
			sourceTree = "<group>";
		};
		3A03314D20A01D5200FEE57D /* FuzzyStore */ = {
			isa = PBXGroup;
			children = (
				3A03314E20A01D5200FEE57D /* SRKFuzzyStore.swift */,
			);
			path = FuzzyStore;
			sourceTree = "<group>";
		};
		3A03315020A01D5200FEE57D /* Events */ = {
			isa = PBXGroup;
			children = (
				3A03315120A01D5200FEE57D /* SRKEventBlockHolder.swift */,
				3A03315220A01D5200FEE57D /* SRKEventRegistryObject.swift */,
				3A03315320A01D5200FEE57D /* SRKEvent.swift */,
				3A03315420A01D5200FEE57D /* SRKEventHandler.swift */,
				3A03315520A01D5200FEE57D /* SRKEventHandler+Private.swift */,
			);
			path = Events;
			sourceTree = "<group>";
		};
		3AE700F2209D717100DE9FA1 = {
			isa = PBXGroup;
			children = (
				3AE700FE209D717100DE9FA1 /* SharkORM */,
				3AE70109209D717100DE9FA1 /* SharkORMTests */,
				3AE700FD209D717100DE9FA1 /* Products */,
			);
			sourceTree = "<group>";
		};
		3AE700FD209D717100DE9FA1 /* Products */ = {
			isa = PBXGroup;
			children = (
				3AE700FC209D717100DE9FA1 /* SharkORM.framework */,
				3AE70105209D717100DE9FA1 /* SharkORMTests.xctest */,
			);
			name = Products;
			sourceTree = "<group>";
		};
		3AE700FE209D717100DE9FA1 /* SharkORM */ = {
			isa = PBXGroup;
			children = (
				3A03311D20A01D5200FEE57D /* Core */,
				3A03310920A01D5200FEE57D /* Sync */,
				3AE70116209D71F500DE9FA1 /* database */,
				3AE700FF209D717100DE9FA1 /* SharkORM.h */,
				3AEC4C0220A0146E00F2F2D0 /* SharkORM.swift */,
				3AE70100209D717100DE9FA1 /* Info.plist */,
			);
			path = SharkORM;
			sourceTree = "<group>";
		};
		3AE70109209D717100DE9FA1 /* SharkORMTests */ = {
			isa = PBXGroup;
			children = (
				3AE7010A209D717100DE9FA1 /* SharkORMTests.swift */,
				3AE7010C209D717100DE9FA1 /* Info.plist */,
			);
			path = SharkORMTests;
			sourceTree = "<group>";
		};
		3AE70116209D71F500DE9FA1 /* database */ = {
			isa = PBXGroup;
			children = (
				3AEC4BF3209D889F00F2F2D0 /* value.swift */,
				3AEC4BF7209D897A00F2F2D0 /* enums.swift */,
				3AE70117209D728100DE9FA1 /* SQLiteProvider.swift */,
				3AE70119209D72CD00DE9FA1 /* DatabaseProtocol.swift */,
				3AE7011B209D732A00DE9FA1 /* SharkSyncLiveProvider.swift */,
				3AE7011D209D736600DE9FA1 /* SharkSyncProvider.swift */,
			);
			path = database;
			sourceTree = "<group>";
		};
/* End PBXGroup section */

/* Begin PBXHeadersBuildPhase section */
		3AE700F9209D717100DE9FA1 /* Headers */ = {
			isa = PBXHeadersBuildPhase;
			buildActionMask = 2147483647;
			files = (
				3AE7010D209D717100DE9FA1 /* SharkORM.h in Headers */,
			);
			runOnlyForDeploymentPostprocessing = 0;
		};
/* End PBXHeadersBuildPhase section */

/* Begin PBXNativeTarget section */
		3AE700FB209D717100DE9FA1 /* SharkORM */ = {
			isa = PBXNativeTarget;
			buildConfigurationList = 3AE70110209D717100DE9FA1 /* Build configuration list for PBXNativeTarget "SharkORM" */;
			buildPhases = (
				3AE700F7209D717100DE9FA1 /* Sources */,
				3AE700F8209D717100DE9FA1 /* Frameworks */,
				3AE700F9209D717100DE9FA1 /* Headers */,
				3AE700FA209D717100DE9FA1 /* Resources */,
			);
			buildRules = (
			);
			dependencies = (
			);
			name = SharkORM;
			productName = SharkORM;
			productReference = 3AE700FC209D717100DE9FA1 /* SharkORM.framework */;
			productType = "com.apple.product-type.framework";
		};
		3AE70104209D717100DE9FA1 /* SharkORMTests */ = {
			isa = PBXNativeTarget;
			buildConfigurationList = 3AE70113209D717100DE9FA1 /* Build configuration list for PBXNativeTarget "SharkORMTests" */;
			buildPhases = (
				3AE70101209D717100DE9FA1 /* Sources */,
				3AE70102209D717100DE9FA1 /* Frameworks */,
				3AE70103209D717100DE9FA1 /* Resources */,
			);
			buildRules = (
			);
			dependencies = (
				3AE70108209D717100DE9FA1 /* PBXTargetDependency */,
			);
			name = SharkORMTests;
			productName = SharkORMTests;
			productReference = 3AE70105209D717100DE9FA1 /* SharkORMTests.xctest */;
			productType = "com.apple.product-type.bundle.unit-test";
		};
/* End PBXNativeTarget section */

/* Begin PBXProject section */
		3AE700F3209D717100DE9FA1 /* Project object */ = {
			isa = PBXProject;
			attributes = {
				LastSwiftUpdateCheck = 0930;
				LastUpgradeCheck = 0930;
				ORGANIZATIONNAME = SharkSync;
				TargetAttributes = {
					3AE700FB209D717100DE9FA1 = {
						CreatedOnToolsVersion = 9.3;
						LastSwiftMigration = 0930;
					};
					3AE70104209D717100DE9FA1 = {
						CreatedOnToolsVersion = 9.3;
					};
				};
			};
			buildConfigurationList = 3AE700F6209D717100DE9FA1 /* Build configuration list for PBXProject "SharkORM" */;
			compatibilityVersion = "Xcode 9.3";
			developmentRegion = en;
			hasScannedForEncodings = 0;
			knownRegions = (
				en,
			);
			mainGroup = 3AE700F2209D717100DE9FA1;
			productRefGroup = 3AE700FD209D717100DE9FA1 /* Products */;
			projectDirPath = "";
			projectRoot = "";
			targets = (
				3AE700FB209D717100DE9FA1 /* SharkORM */,
				3AE70104209D717100DE9FA1 /* SharkORMTests */,
			);
		};
/* End PBXProject section */

/* Begin PBXResourcesBuildPhase section */
		3AE700FA209D717100DE9FA1 /* Resources */ = {
			isa = PBXResourcesBuildPhase;
			buildActionMask = 2147483647;
			files = (
			);
			runOnlyForDeploymentPostprocessing = 0;
		};
		3AE70103209D717100DE9FA1 /* Resources */ = {
			isa = PBXResourcesBuildPhase;
			buildActionMask = 2147483647;
			files = (
			);
			runOnlyForDeploymentPostprocessing = 0;
		};
/* End PBXResourcesBuildPhase section */

/* Begin PBXSourcesBuildPhase section */
		3AE700F7209D717100DE9FA1 /* Sources */ = {
			isa = PBXSourcesBuildPhase;
			buildActionMask = 2147483647;
			files = (
				3A03319220A01D5200FEE57D /* SRKFuzzyStore.swift in Sources */,
				3A03317720A01D5200FEE57D /* SRKContext.swift in Sources */,
				3AEC4C0320A0146E00F2F2D0 /* SharkORM.swift in Sources */,
				3AE7011A209D72CD00DE9FA1 /* DatabaseProtocol.swift in Sources */,
				3A03316120A01D5200FEE57D /* SyncInterface.swift in Sources */,
				3A03315B20A01D5200FEE57D /* SyncComms.swift in Sources */,
				3A03315F20A01D5200FEE57D /* SRKSyncNodesList.swift in Sources */,
				3A03316F20A01D5200FEE57D /* SRKJoinObject.swift in Sources */,
				3A03319820A01D5200FEE57D /* SRKEventHandler+Private.swift in Sources */,
				3A03315820A01D5200FEE57D /* SharkSync+Private.swift in Sources */,
				3A03316420A01D5200FEE57D /* SharkSync.swift in Sources */,
				3A03318420A01D5200FEE57D /* SRKResultSet.swift in Sources */,
				3A03318D20A01D5200FEE57D /* SRKCompoundIndex.swift in Sources */,
				3A03318520A01D5200FEE57D /* SRKEncryptedObject.swift in Sources */,
				3A03315720A01D5200FEE57D /* SRKSyncObject.swift in Sources */,
				3A03315E20A01D5200FEE57D /* Mutex.swift in Sources */,
				3A03319920A01D5200FEE57D /* SRKRelationship.swift in Sources */,
				3A03319320A01D5200FEE57D /* SRKDefinitions.swift in Sources */,
				3A03316720A01D5200FEE57D /* SRKDeferredChange.swift in Sources */,
				3A03317320A01D5200FEE57D /* SRKQueryAsyncHandler.swift in Sources */,
				3A03318720A01D5200FEE57D /* SRKEntityChain.swift in Sources */,
				3A03317120A01D5200FEE57D /* SRKFTSQuery.swift in Sources */,
				3AEC4BF4209D889F00F2F2D0 /* value.swift in Sources */,
				3A03316920A01D5200FEE57D /* SRKSettings.swift in Sources */,
				3A03315920A01D5200FEE57D /* SRKDefunctObject.swift in Sources */,
				3A03317C20A01D5200FEE57D /* SRKUnsupportedObject.swift in Sources */,
				3A03319720A01D5200FEE57D /* SRKEventHandler.swift in Sources */,
				3A03318820A01D5200FEE57D /* SharkORM.swift in Sources */,
				3A03315D20A01D5200FEE57D /* SyncNetwork.swift in Sources */,
				3A03319120A01D5200FEE57D /* SRKIndexDefinition.swift in Sources */,
				3A03316520A01D5200FEE57D /* SRKSyncObject+Private.swift in Sources */,
				3AE7011C209D732A00DE9FA1 /* SharkSyncLiveProvider.swift in Sources */,
				3A03317220A01D5200FEE57D /* SRKQueryProfile.swift in Sources */,
				3AE70118209D728100DE9FA1 /* SQLiteProvider.swift in Sources */,
				3A03318C20A01D5200FEE57D /* SRKError.swift in Sources */,
				3A03317520A01D5200FEE57D /* SRKQuery.swift in Sources */,
				3A03318120A01D5200FEE57D /* SRKCommitOptions+Private.swift in Sources */,
				3A03316020A01D5200FEE57D /* SyncRequest.swift in Sources */,
				3AE7011E209D736600DE9FA1 /* SharkSyncProvider.swift in Sources */,
				3A03315A20A01D5200FEE57D /* SRKSyncRegisteredClass.swift in Sources */,
				3A03316E20A01D5200FEE57D /* SRKUtilities.swift in Sources */,
				3A03319020A01D5200FEE57D /* SRKIndexDefinition+Private.swift in Sources */,
				3A03318E20A01D5200FEE57D /* SRKCompoundIndex+Private.swift in Sources */,
				3A03318020A01D5200FEE57D /* SRKEntity+Private.swift in Sources */,
				3A03317E20A01D5200FEE57D /* SRKCommitOptions.swift in Sources */,
				3A03317020A01D5200FEE57D /* SRKQueryAsyncHandler+Private.swift in Sources */,
				3A03316320A01D5200FEE57D /* SRKSyncOptions.swift in Sources */,
				3A03317620A01D5200FEE57D /* FTSRegistry.swift in Sources */,
				3A03316220A01D5200FEE57D /* SharkSyncChange.swift in Sources */,
				3A03316D20A01D5200FEE57D /* SharkSchemaManager.swift in Sources */,
				3A03315C20A01D5200FEE57D /* SRKSyncAuthObject.swift in Sources */,
				3A03317B20A01D5200FEE57D /* SRKObject.swift in Sources */,
				3A03317A20A01D5200FEE57D /* SRKTransactionInfo.swift in Sources */,
				3A03317D20A01D5200FEE57D /* SRKAES256Extension.swift in Sources */,
				3A03317F20A01D5200FEE57D /* SRKResultSet+Private.swift in Sources */,
				3A03318620A01D5200FEE57D /* SRKEntity.swift in Sources */,
				3A03316C20A01D5200FEE57D /* SharkORM+Private.swift in Sources */,
				3A03316A20A01D5200FEE57D /* SRKGlobals.swift in Sources */,
				3A03316620A01D5200FEE57D /* SRKSharkSyncAccountSettings.swift in Sources */,
				3A03318A20A01D5200FEE57D /* SRKRegistry.swift in Sources */,
				3A03319420A01D5200FEE57D /* SRKEventBlockHolder.swift in Sources */,
				3A03317420A01D5200FEE57D /* SRKQuery+Private.swift in Sources */,
				3A03317920A01D5200FEE57D /* SRKTransaction.swift in Sources */,
				3A03316B20A01D5200FEE57D /* SRKLazyLoader.swift in Sources */,
				3A03318220A01D5200FEE57D /* SRKRawResults.swift in Sources */,
				3A03318B20A01D5200FEE57D /* SRKSQLiteHandle.swift in Sources */,
				3A03316820A01D5200FEE57D /* SharkSyncGroup.swift in Sources */,
				3AEC4BF8209D897A00F2F2D0 /* enums.swift in Sources */,
				3A03319520A01D5200FEE57D /* SRKEventRegistryObject.swift in Sources */,
				3A03318320A01D5200FEE57D /* SRKStringObject.swift in Sources */,
				3A03319620A01D5200FEE57D /* SRKEvent.swift in Sources */,
				3A03318920A01D5200FEE57D /* SRKRegistryEntry.swift in Sources */,
				3A03318F20A01D5200FEE57D /* SRKIndexProperty.swift in Sources */,
				3A03317820A01D5200FEE57D /* SRKTransaction+Private.swift in Sources */,
			);
			runOnlyForDeploymentPostprocessing = 0;
		};
		3AE70101209D717100DE9FA1 /* Sources */ = {
			isa = PBXSourcesBuildPhase;
			buildActionMask = 2147483647;
			files = (
				3AE7010B209D717100DE9FA1 /* SharkORMTests.swift in Sources */,
			);
			runOnlyForDeploymentPostprocessing = 0;
		};
/* End PBXSourcesBuildPhase section */

/* Begin PBXTargetDependency section */
		3AE70108209D717100DE9FA1 /* PBXTargetDependency */ = {
			isa = PBXTargetDependency;
			target = 3AE700FB209D717100DE9FA1 /* SharkORM */;
			targetProxy = 3AE70107209D717100DE9FA1 /* PBXContainerItemProxy */;
		};
/* End PBXTargetDependency section */

/* Begin XCBuildConfiguration section */
		3AE7010E209D717100DE9FA1 /* Debug */ = {
			isa = XCBuildConfiguration;
			buildSettings = {
				ALWAYS_SEARCH_USER_PATHS = NO;
				CLANG_ANALYZER_NONNULL = YES;
				CLANG_ANALYZER_NUMBER_OBJECT_CONVERSION = YES_AGGRESSIVE;
				CLANG_CXX_LANGUAGE_STANDARD = "gnu++14";
				CLANG_CXX_LIBRARY = "libc++";
				CLANG_ENABLE_MODULES = YES;
				CLANG_ENABLE_OBJC_ARC = YES;
				CLANG_ENABLE_OBJC_WEAK = YES;
				CLANG_WARN_BLOCK_CAPTURE_AUTORELEASING = YES;
				CLANG_WARN_BOOL_CONVERSION = YES;
				CLANG_WARN_COMMA = YES;
				CLANG_WARN_CONSTANT_CONVERSION = YES;
				CLANG_WARN_DEPRECATED_OBJC_IMPLEMENTATIONS = YES;
				CLANG_WARN_DIRECT_OBJC_ISA_USAGE = YES_ERROR;
				CLANG_WARN_DOCUMENTATION_COMMENTS = YES;
				CLANG_WARN_EMPTY_BODY = YES;
				CLANG_WARN_ENUM_CONVERSION = YES;
				CLANG_WARN_INFINITE_RECURSION = YES;
				CLANG_WARN_INT_CONVERSION = YES;
				CLANG_WARN_NON_LITERAL_NULL_CONVERSION = YES;
				CLANG_WARN_OBJC_IMPLICIT_RETAIN_SELF = YES;
				CLANG_WARN_OBJC_LITERAL_CONVERSION = YES;
				CLANG_WARN_OBJC_ROOT_CLASS = YES_ERROR;
				CLANG_WARN_RANGE_LOOP_ANALYSIS = YES;
				CLANG_WARN_STRICT_PROTOTYPES = YES;
				CLANG_WARN_SUSPICIOUS_MOVE = YES;
				CLANG_WARN_UNGUARDED_AVAILABILITY = YES_AGGRESSIVE;
				CLANG_WARN_UNREACHABLE_CODE = YES;
				CLANG_WARN__DUPLICATE_METHOD_MATCH = YES;
				CODE_SIGN_IDENTITY = "iPhone Developer";
				COPY_PHASE_STRIP = NO;
				CURRENT_PROJECT_VERSION = 1;
				DEBUG_INFORMATION_FORMAT = dwarf;
				ENABLE_STRICT_OBJC_MSGSEND = YES;
				ENABLE_TESTABILITY = YES;
				GCC_C_LANGUAGE_STANDARD = gnu11;
				GCC_DYNAMIC_NO_PIC = NO;
				GCC_NO_COMMON_BLOCKS = YES;
				GCC_OPTIMIZATION_LEVEL = 0;
				GCC_PREPROCESSOR_DEFINITIONS = (
					"DEBUG=1",
					"$(inherited)",
				);
				GCC_WARN_64_TO_32_BIT_CONVERSION = YES;
				GCC_WARN_ABOUT_RETURN_TYPE = YES_ERROR;
				GCC_WARN_UNDECLARED_SELECTOR = YES;
				GCC_WARN_UNINITIALIZED_AUTOS = YES_AGGRESSIVE;
				GCC_WARN_UNUSED_FUNCTION = YES;
				GCC_WARN_UNUSED_VARIABLE = YES;
				IPHONEOS_DEPLOYMENT_TARGET = 11.3;
				MTL_ENABLE_DEBUG_INFO = YES;
				ONLY_ACTIVE_ARCH = YES;
				SDKROOT = iphoneos;
				SWIFT_ACTIVE_COMPILATION_CONDITIONS = DEBUG;
				SWIFT_OPTIMIZATION_LEVEL = "-Onone";
				VERSIONING_SYSTEM = "apple-generic";
				VERSION_INFO_PREFIX = "";
			};
			name = Debug;
		};
		3AE7010F209D717100DE9FA1 /* Release */ = {
			isa = XCBuildConfiguration;
			buildSettings = {
				ALWAYS_SEARCH_USER_PATHS = NO;
				CLANG_ANALYZER_NONNULL = YES;
				CLANG_ANALYZER_NUMBER_OBJECT_CONVERSION = YES_AGGRESSIVE;
				CLANG_CXX_LANGUAGE_STANDARD = "gnu++14";
				CLANG_CXX_LIBRARY = "libc++";
				CLANG_ENABLE_MODULES = YES;
				CLANG_ENABLE_OBJC_ARC = YES;
				CLANG_ENABLE_OBJC_WEAK = YES;
				CLANG_WARN_BLOCK_CAPTURE_AUTORELEASING = YES;
				CLANG_WARN_BOOL_CONVERSION = YES;
				CLANG_WARN_COMMA = YES;
				CLANG_WARN_CONSTANT_CONVERSION = YES;
				CLANG_WARN_DEPRECATED_OBJC_IMPLEMENTATIONS = YES;
				CLANG_WARN_DIRECT_OBJC_ISA_USAGE = YES_ERROR;
				CLANG_WARN_DOCUMENTATION_COMMENTS = YES;
				CLANG_WARN_EMPTY_BODY = YES;
				CLANG_WARN_ENUM_CONVERSION = YES;
				CLANG_WARN_INFINITE_RECURSION = YES;
				CLANG_WARN_INT_CONVERSION = YES;
				CLANG_WARN_NON_LITERAL_NULL_CONVERSION = YES;
				CLANG_WARN_OBJC_IMPLICIT_RETAIN_SELF = YES;
				CLANG_WARN_OBJC_LITERAL_CONVERSION = YES;
				CLANG_WARN_OBJC_ROOT_CLASS = YES_ERROR;
				CLANG_WARN_RANGE_LOOP_ANALYSIS = YES;
				CLANG_WARN_STRICT_PROTOTYPES = YES;
				CLANG_WARN_SUSPICIOUS_MOVE = YES;
				CLANG_WARN_UNGUARDED_AVAILABILITY = YES_AGGRESSIVE;
				CLANG_WARN_UNREACHABLE_CODE = YES;
				CLANG_WARN__DUPLICATE_METHOD_MATCH = YES;
				CODE_SIGN_IDENTITY = "iPhone Developer";
				COPY_PHASE_STRIP = NO;
				CURRENT_PROJECT_VERSION = 1;
				DEBUG_INFORMATION_FORMAT = "dwarf-with-dsym";
				ENABLE_NS_ASSERTIONS = NO;
				ENABLE_STRICT_OBJC_MSGSEND = YES;
				GCC_C_LANGUAGE_STANDARD = gnu11;
				GCC_NO_COMMON_BLOCKS = YES;
				GCC_WARN_64_TO_32_BIT_CONVERSION = YES;
				GCC_WARN_ABOUT_RETURN_TYPE = YES_ERROR;
				GCC_WARN_UNDECLARED_SELECTOR = YES;
				GCC_WARN_UNINITIALIZED_AUTOS = YES_AGGRESSIVE;
				GCC_WARN_UNUSED_FUNCTION = YES;
				GCC_WARN_UNUSED_VARIABLE = YES;
				IPHONEOS_DEPLOYMENT_TARGET = 11.3;
				MTL_ENABLE_DEBUG_INFO = NO;
				SDKROOT = iphoneos;
				SWIFT_COMPILATION_MODE = wholemodule;
				SWIFT_OPTIMIZATION_LEVEL = "-O";
				VALIDATE_PRODUCT = YES;
				VERSIONING_SYSTEM = "apple-generic";
				VERSION_INFO_PREFIX = "";
			};
			name = Release;
		};
		3AE70111209D717100DE9FA1 /* Debug */ = {
			isa = XCBuildConfiguration;
			buildSettings = {
				CLANG_ENABLE_MODULES = YES;
				CODE_SIGN_IDENTITY = "";
				CODE_SIGN_STYLE = Automatic;
				DEFINES_MODULE = YES;
				DEVELOPMENT_TEAM = 3D9YGMP46N;
				DYLIB_COMPATIBILITY_VERSION = 1;
				DYLIB_CURRENT_VERSION = 1;
				DYLIB_INSTALL_NAME_BASE = "@rpath";
				INFOPLIST_FILE = SharkORM/Info.plist;
				INSTALL_PATH = "$(LOCAL_LIBRARY_DIR)/Frameworks";
				IPHONEOS_DEPLOYMENT_TARGET = 10.0;
				LD_RUNPATH_SEARCH_PATHS = (
					"$(inherited)",
					"@executable_path/Frameworks",
					"@loader_path/Frameworks",
				);
				PRODUCT_BUNDLE_IDENTIFIER = io.sharksync.swiftyshark.SharkORM;
				PRODUCT_NAME = "$(TARGET_NAME:c99extidentifier)";
				SKIP_INSTALL = YES;
				SWIFT_OPTIMIZATION_LEVEL = "-Onone";
				SWIFT_VERSION = 4.0;
				TARGETED_DEVICE_FAMILY = "1,2";
			};
			name = Debug;
		};
		3AE70112209D717100DE9FA1 /* Release */ = {
			isa = XCBuildConfiguration;
			buildSettings = {
				CLANG_ENABLE_MODULES = YES;
				CODE_SIGN_IDENTITY = "";
				CODE_SIGN_STYLE = Automatic;
				DEFINES_MODULE = YES;
				DEVELOPMENT_TEAM = 3D9YGMP46N;
				DYLIB_COMPATIBILITY_VERSION = 1;
				DYLIB_CURRENT_VERSION = 1;
				DYLIB_INSTALL_NAME_BASE = "@rpath";
				INFOPLIST_FILE = SharkORM/Info.plist;
				INSTALL_PATH = "$(LOCAL_LIBRARY_DIR)/Frameworks";
				IPHONEOS_DEPLOYMENT_TARGET = 10.0;
				LD_RUNPATH_SEARCH_PATHS = (
					"$(inherited)",
					"@executable_path/Frameworks",
					"@loader_path/Frameworks",
				);
				PRODUCT_BUNDLE_IDENTIFIER = io.sharksync.swiftyshark.SharkORM;
				PRODUCT_NAME = "$(TARGET_NAME:c99extidentifier)";
				SKIP_INSTALL = YES;
				SWIFT_VERSION = 4.0;
				TARGETED_DEVICE_FAMILY = "1,2";
			};
			name = Release;
		};
		3AE70114209D717100DE9FA1 /* Debug */ = {
			isa = XCBuildConfiguration;
			buildSettings = {
				ALWAYS_EMBED_SWIFT_STANDARD_LIBRARIES = YES;
				CODE_SIGN_STYLE = Automatic;
				DEVELOPMENT_TEAM = 3D9YGMP46N;
				INFOPLIST_FILE = SharkORMTests/Info.plist;
				LD_RUNPATH_SEARCH_PATHS = (
					"$(inherited)",
					"@executable_path/Frameworks",
					"@loader_path/Frameworks",
				);
				PRODUCT_BUNDLE_IDENTIFIER = io.sharksync.swiftyshark.SharkORMTests;
				PRODUCT_NAME = "$(TARGET_NAME)";
				SWIFT_VERSION = 4.0;
				TARGETED_DEVICE_FAMILY = "1,2";
			};
			name = Debug;
		};
		3AE70115209D717100DE9FA1 /* Release */ = {
			isa = XCBuildConfiguration;
			buildSettings = {
				ALWAYS_EMBED_SWIFT_STANDARD_LIBRARIES = YES;
				CODE_SIGN_STYLE = Automatic;
				DEVELOPMENT_TEAM = 3D9YGMP46N;
				INFOPLIST_FILE = SharkORMTests/Info.plist;
				LD_RUNPATH_SEARCH_PATHS = (
					"$(inherited)",
					"@executable_path/Frameworks",
					"@loader_path/Frameworks",
				);
				PRODUCT_BUNDLE_IDENTIFIER = io.sharksync.swiftyshark.SharkORMTests;
				PRODUCT_NAME = "$(TARGET_NAME)";
				SWIFT_VERSION = 4.0;
				TARGETED_DEVICE_FAMILY = "1,2";
			};
			name = Release;
		};
/* End XCBuildConfiguration section */

/* Begin XCConfigurationList section */
		3AE700F6209D717100DE9FA1 /* Build configuration list for PBXProject "SharkORM" */ = {
			isa = XCConfigurationList;
			buildConfigurations = (
				3AE7010E209D717100DE9FA1 /* Debug */,
				3AE7010F209D717100DE9FA1 /* Release */,
			);
			defaultConfigurationIsVisible = 0;
			defaultConfigurationName = Release;
		};
		3AE70110209D717100DE9FA1 /* Build configuration list for PBXNativeTarget "SharkORM" */ = {
			isa = XCConfigurationList;
			buildConfigurations = (
				3AE70111209D717100DE9FA1 /* Debug */,
				3AE70112209D717100DE9FA1 /* Release */,
			);
			defaultConfigurationIsVisible = 0;
			defaultConfigurationName = Release;
		};
		3AE70113209D717100DE9FA1 /* Build configuration list for PBXNativeTarget "SharkORMTests" */ = {
			isa = XCConfigurationList;
			buildConfigurations = (
				3AE70114209D717100DE9FA1 /* Debug */,
				3AE70115209D717100DE9FA1 /* Release */,
			);
			defaultConfigurationIsVisible = 0;
			defaultConfigurationName = Release;
		};
/* End XCConfigurationList section */
	};
	rootObject = 3AE700F3209D717100DE9FA1 /* Project object */;
}
